
Microsoft Visual Studio Solution File, Format Version 12.00
# Visual Studio Version 17
VisualStudioVersion = 17.0.31612.314
MinimumVisualStudioVersion = 10.0.40219.1
Project("{9A19103F-16F7-4668-BE54-9A1E7A4F7556}") = "algo", "algo.csproj", "{4254CEE3-B739-477E-AF03-66277684BF49}"
EndProject
Global
	GlobalSection(SolutionConfigurationPlatforms) = preSolution
		Debug|Any CPU = Debug|Any CPU
		Release|Any CPU = Release|Any CPU
	EndGlobalSection
	GlobalSection(ProjectConfigurationPlatforms) = postSolution
		{4254CEE3-B739-477E-AF03-66277684BF49}.Debug|Any CPU.ActiveCfg = Debug|Any CPU
		{4254CEE3-B739-477E-AF03-66277684BF49}.Debug|Any CPU.Build.0 = Debug|Any CPU
		{4254CEE3-B739-477E-AF03-66277684BF49}.Release|Any CPU.ActiveCfg = Release|Any CPU
		{4254CEE3-B739-477E-AF03-66277684BF49}.Release|Any CPU.Build.0 = Release|Any CPU
	EndGlobalSection
	GlobalSection(SolutionProperties) = preSolution
		HideSolutionNode = FALSE
	EndGlobalSection
	GlobalSection(ExtensibilityGlobals) = postSolution
		SolutionGuid = {71ABE79B-CEFB-4AF9-AD0F-04A68CCA3474}
	EndGlobalSection
EndGlobal
